
Microsoft Visual Studio Solution File, Format Version 12.00
# Visual Studio 15
VisualStudioVersion = 15.0.27428.2043
MinimumVisualStudioVersion = 10.0.40219.1
Project("{FAE04EC0-301F-11D3-BF4B-00C04F79EFBC}") = "AlugueisConsole", "AlugueisConsole\AlugueisConsole.csproj", "{E50EC60D-D7CD-4797-A790-AF030E6C603A}"
EndProject
Global
	GlobalSection(SolutionConfigurationPlatforms) = preSolution
		Debug|Any CPU = Debug|Any CPU
		Release|Any CPU = Release|Any CPU
	EndGlobalSection
	GlobalSection(ProjectConfigurationPlatforms) = postSolution
		{E50EC60D-D7CD-4797-A790-AF030E6C603A}.Debug|Any CPU.ActiveCfg = Debug|Any CPU
		{E50EC60D-D7CD-4797-A790-AF030E6C603A}.Debug|Any CPU.Build.0 = Debug|Any CPU
		{E50EC60D-D7CD-4797-A790-AF030E6C603A}.Release|Any CPU.ActiveCfg = Release|Any CPU
		{E50EC60D-D7CD-4797-A790-AF030E6C603A}.Release|Any CPU.Build.0 = Release|Any CPU
	EndGlobalSection
	GlobalSection(SolutionProperties) = preSolution
		HideSolutionNode = FALSE
	EndGlobalSection
	GlobalSection(ExtensibilityGlobals) = postSolution
		SolutionGuid = {2E158A65-7323-4995-A14F-E11E18666374}
	EndGlobalSection
EndGlobal
